
Microsoft Visual Studio Solution File, Format Version 12.00
# Visual Studio 2012
Project("{888888A0-9F3D-457C-B088-3A5042F75D52}") = "community_repo", "community_repo.pyproj", "{08750314-63E7-4EF3-9DFB-E70BB31E068F}"
EndProject
Global
	GlobalSection(SolutionConfigurationPlatforms) = preSolution
		Debug|Any CPU = Debug|Any CPU
		Release|Any CPU = Release|Any CPU
	EndGlobalSection
	GlobalSection(ProjectConfigurationPlatforms) = postSolution
		{08750314-63E7-4EF3-9DFB-E70BB31E068F}.Debug|Any CPU.ActiveCfg = Debug|Any CPU
		{08750314-63E7-4EF3-9DFB-E70BB31E068F}.Release|Any CPU.ActiveCfg = Release|Any CPU
	EndGlobalSection
	GlobalSection(SolutionProperties) = preSolution
		HideSolutionNode = FALSE
	EndGlobalSection
EndGlobal
